
Microsoft Visual Studio Solution File, Format Version 12.00
Project("{FAE04EC0-301F-11D3-BF4B-00C04F79EFBC}") = "NotebookApp", "NotebookApp\NotebookApp.csproj", "{4124B9A9-4A66-4242-9382-FECC394E85E5}"
EndProject
Project("{FAE04EC0-301F-11D3-BF4B-00C04F79EFBC}") = "draft", "draft\draft.csproj", "{8471E628-1CDA-4AD2-983C-B0B3A2BBC7A9}"
EndProject
Global
	GlobalSection(SolutionConfigurationPlatforms) = preSolution
		Debug|Any CPU = Debug|Any CPU
		Release|Any CPU = Release|Any CPU
	EndGlobalSection
	GlobalSection(ProjectConfigurationPlatforms) = postSolution
		{4124B9A9-4A66-4242-9382-FECC394E85E5}.Debug|Any CPU.ActiveCfg = Debug|Any CPU
		{4124B9A9-4A66-4242-9382-FECC394E85E5}.Debug|Any CPU.Build.0 = Debug|Any CPU
		{4124B9A9-4A66-4242-9382-FECC394E85E5}.Release|Any CPU.ActiveCfg = Release|Any CPU
		{4124B9A9-4A66-4242-9382-FECC394E85E5}.Release|Any CPU.Build.0 = Release|Any CPU
		{8471E628-1CDA-4AD2-983C-B0B3A2BBC7A9}.Debug|Any CPU.ActiveCfg = Debug|Any CPU
		{8471E628-1CDA-4AD2-983C-B0B3A2BBC7A9}.Debug|Any CPU.Build.0 = Debug|Any CPU
		{8471E628-1CDA-4AD2-983C-B0B3A2BBC7A9}.Release|Any CPU.ActiveCfg = Release|Any CPU
		{8471E628-1CDA-4AD2-983C-B0B3A2BBC7A9}.Release|Any CPU.Build.0 = Release|Any CPU
	EndGlobalSection
EndGlobal
